// !$*UTF8*$!
{
	archiveVersion = 1;
	classes = {
	};
	objectVersion = 46;
	objects = {

/* Begin PBXBuildFile section */
		D65B68441A9AD32600C36F6B /* main.m in Sources */ = {isa = PBXBuildFile; fileRef = D65B68431A9AD32600C36F6B /* main.m */; };
		D65B68471A9AD32600C36F6B /* AppDelegate.m in Sources */ = {isa = PBXBuildFile; fileRef = D65B68461A9AD32600C36F6B /* AppDelegate.m */; };
		D65B684A1A9AD32600C36F6B /* ViewController.m in Sources */ = {isa = PBXBuildFile; fileRef = D65B68491A9AD32600C36F6B /* ViewController.m */; };
		D65B684D1A9AD32600C36F6B /* Main.storyboard in Resources */ = {isa = PBXBuildFile; fileRef = D65B684B1A9AD32600C36F6B /* Main.storyboard */; };
		D65B684F1A9AD32600C36F6B /* Images.xcassets in Resources */ = {isa = PBXBuildFile; fileRef = D65B684E1A9AD32600C36F6B /* Images.xcassets */; };
		D65B68521A9AD32600C36F6B /* LaunchScreen.xib in Resources */ = {isa = PBXBuildFile; fileRef = D65B68501A9AD32600C36F6B /* LaunchScreen.xib */; };
		D65B685E1A9AD32600C36F6B /* CorePullScaleTests.m in Sources */ = {isa = PBXBuildFile; fileRef = D65B685D1A9AD32600C36F6B /* CorePullScaleTests.m */; };
/* End PBXBuildFile section */

/* Begin PBXContainerItemProxy section */
		D65B68581A9AD32600C36F6B /* PBXContainerItemProxy */ = {
			isa = PBXContainerItemProxy;
			containerPortal = D65B68361A9AD32500C36F6B /* Project object */;
			proxyType = 1;
			remoteGlobalIDString = D65B683D1A9AD32500C36F6B;
			remoteInfo = CorePullScale;
		};
/* End PBXContainerItemProxy section */

/* Begin PBXFileReference section */
		D65B683E1A9AD32600C36F6B /* CorePullScale.app */ = {isa = PBXFileReference; explicitFileType = wrapper.application; includeInIndex = 0; path = CorePullScale.app; sourceTree = BUILT_PRODUCTS_DIR; };
		D65B68421A9AD32600C36F6B /* Info.plist */ = {isa = PBXFileReference; lastKnownFileType = text.plist.xml; path = Info.plist; sourceTree = "<group>"; };
		D65B68431A9AD32600C36F6B /* main.m */ = {isa = PBXFileReference; lastKnownFileType = sourcecode.c.objc; path = main.m; sourceTree = "<group>"; };
		D65B68451A9AD32600C36F6B /* AppDelegate.h */ = {isa = PBXFileReference; lastKnownFileType = sourcecode.c.h; path = AppDelegate.h; sourceTree = "<group>"; };
		D65B68461A9AD32600C36F6B /* AppDelegate.m */ = {isa = PBXFileReference; lastKnownFileType = sourcecode.c.objc; path = AppDelegate.m; sourceTree = "<group>"; };
		D65B68481A9AD32600C36F6B /* ViewController.h */ = {isa = PBXFileReference; lastKnownFileType = sourcecode.c.h; path = ViewController.h; sourceTree = "<group>"; };
		D65B68491A9AD32600C36F6B /* ViewController.m */ = {isa = PBXFileReference; lastKnownFileType = sourcecode.c.objc; path = ViewController.m; sourceTree = "<group>"; };
		D65B684C1A9AD32600C36F6B /* Base */ = {isa = PBXFileReference; lastKnownFileType = file.storyboard; name = Base; path = Base.lproj/Main.storyboard; sourceTree = "<group>"; };
		D65B684E1A9AD32600C36F6B /* Images.xcassets */ = {isa = PBXFileReference; lastKnownFileType = folder.assetcatalog; path = Images.xcassets; sourceTree = "<group>"; };
		D65B68511A9AD32600C36F6B /* Base */ = {isa = PBXFileReference; lastKnownFileType = file.xib; name = Base; path = Base.lproj/LaunchScreen.xib; sourceTree = "<group>"; };
		D65B68571A9AD32600C36F6B /* CorePullScaleTests.xctest */ = {isa = PBXFileReference; explicitFileType = wrapper.cfbundle; includeInIndex = 0; path = CorePullScaleTests.xctest; sourceTree = BUILT_PRODUCTS_DIR; };
		D65B685C1A9AD32600C36F6B /* Info.plist */ = {isa = PBXFileReference; lastKnownFileType = text.plist.xml; path = Info.plist; sourceTree = "<group>"; };
		D65B685D1A9AD32600C36F6B /* CorePullScaleTests.m */ = {isa = PBXFileReference; lastKnownFileType = sourcecode.c.objc; path = CorePullScaleTests.m; sourceTree = "<group>"; };
/* End PBXFileReference section */

/* Begin PBXFrameworksBuildPhase section */
		D65B683B1A9AD32500C36F6B /* Frameworks */ = {
			isa = PBXFrameworksBuildPhase;
			buildActionMask = 2147483647;
			files = (
			);
			runOnlyForDeploymentPostprocessing = 0;
		};
		D65B68541A9AD32600C36F6B /* Frameworks */ = {
			isa = PBXFrameworksBuildPhase;
			buildActionMask = 2147483647;
			files = (
			);
			runOnlyForDeploymentPostprocessing = 0;
		};
/* End PBXFrameworksBuildPhase section */

/* Begin PBXGroup section */
		D65B68351A9AD32500C36F6B = {
			isa = PBXGroup;
			children = (
				D65B68401A9AD32600C36F6B /* CorePullScale */,
				D65B685A1A9AD32600C36F6B /* CorePullScaleTests */,
				D65B683F1A9AD32600C36F6B /* Products */,
			);
			sourceTree = "<group>";
		};
		D65B683F1A9AD32600C36F6B /* Products */ = {
			isa = PBXGroup;
			children = (
				D65B683E1A9AD32600C36F6B /* CorePullScale.app */,
				D65B68571A9AD32600C36F6B /* CorePullScaleTests.xctest */,
			);
			name = Products;
			sourceTree = "<group>";
		};
		D65B68401A9AD32600C36F6B /* CorePullScale */ = {
			isa = PBXGroup;
			children = (
				D65B68451A9AD32600C36F6B /* AppDelegate.h */,
				D65B68461A9AD32600C36F6B /* AppDelegate.m */,
				D65B68481A9AD32600C36F6B /* ViewController.h */,
				D65B68491A9AD32600C36F6B /* ViewController.m */,
				D65B684B1A9AD32600C36F6B /* Main.storyboard */,
				D65B684E1A9AD32600C36F6B /* Images.xcassets */,
				D65B68501A9AD32600C36F6B /* LaunchScreen.xib */,
				D65B68411A9AD32600C36F6B /* Supporting Files */,
			);
			path = CorePullScale;
			sourceTree = "<group>";
		};
		D65B68411A9AD32600C36F6B /* Supporting Files */ = {
			isa = PBXGroup;
			children = (
				D65B68421A9AD32600C36F6B /* Info.plist */,
				D65B68431A9AD32600C36F6B /* main.m */,
			);
			name = "Supporting Files";
			sourceTree = "<group>";
		};
		D65B685A1A9AD32600C36F6B /* CorePullScaleTests */ = {
			isa = PBXGroup;
			children = (
				D65B685D1A9AD32600C36F6B /* CorePullScaleTests.m */,
				D65B685B1A9AD32600C36F6B /* Supporting Files */,
			);
			path = CorePullScaleTests;
			sourceTree = "<group>";
		};
		D65B685B1A9AD32600C36F6B /* Supporting Files */ = {
			isa = PBXGroup;
			children = (
				D65B685C1A9AD32600C36F6B /* Info.plist */,
			);
			name = "Supporting Files";
			sourceTree = "<group>";
		};
/* End PBXGroup section */

/* Begin PBXNativeTarget section */
		D65B683D1A9AD32500C36F6B /* CorePullScale */ = {
			isa = PBXNativeTarget;
			buildConfigurationList = D65B68611A9AD32600C36F6B /* Build configuration list for PBXNativeTarget "CorePullScale" */;
			buildPhases = (
				D65B683A1A9AD32500C36F6B /* Sources */,
				D65B683B1A9AD32500C36F6B /* Frameworks */,
				D65B683C1A9AD32500C36F6B /* Resources */,
			);
			buildRules = (
			);
			dependencies = (
			);
			name = CorePullScale;
			productName = CorePullScale;
			productReference = D65B683E1A9AD32600C36F6B /* CorePullScale.app */;
			productType = "com.apple.product-type.application";
		};
		D65B68561A9AD32600C36F6B /* CorePullScaleTests */ = {
			isa = PBXNativeTarget;
			buildConfigurationList = D65B68641A9AD32600C36F6B /* Build configuration list for PBXNativeTarget "CorePullScaleTests" */;
			buildPhases = (
				D65B68531A9AD32600C36F6B /* Sources */,
				D65B68541A9AD32600C36F6B /* Frameworks */,
				D65B68551A9AD32600C36F6B /* Resources */,
			);
			buildRules = (
			);
			dependencies = (
				D65B68591A9AD32600C36F6B /* PBXTargetDependency */,
			);
			name = CorePullScaleTests;
			productName = CorePullScaleTests;
			productReference = D65B68571A9AD32600C36F6B /* CorePullScaleTests.xctest */;
			productType = "com.apple.product-type.bundle.unit-test";
		};
/* End PBXNativeTarget section */

/* Begin PBXProject section */
		D65B68361A9AD32500C36F6B /* Project object */ = {
			isa = PBXProject;
			attributes = {
				LastUpgradeCheck = 0610;
				ORGANIZATIONNAME = "沐汐";
				TargetAttributes = {
					D65B683D1A9AD32500C36F6B = {
						CreatedOnToolsVersion = 6.1;
					};
					D65B68561A9AD32600C36F6B = {
						CreatedOnToolsVersion = 6.1;
						TestTargetID = D65B683D1A9AD32500C36F6B;
					};
				};
			};
			buildConfigurationList = D65B68391A9AD32500C36F6B /* Build configuration list for PBXProject "CorePullScale" */;
			compatibilityVersion = "Xcode 3.2";
			developmentRegion = English;
			hasScannedForEncodings = 0;
			knownRegions = (
				en,
				Base,
			);
			mainGroup = D65B68351A9AD32500C36F6B;
			productRefGroup = D65B683F1A9AD32600C36F6B /* Products */;
			projectDirPath = "";
			projectRoot = "";
			targets = (
				D65B683D1A9AD32500C36F6B /* CorePullScale */,
				D65B68561A9AD32600C36F6B /* CorePullScaleTests */,
			);
		};
/* End PBXProject section */

/* Begin PBXResourcesBuildPhase section */
		D65B683C1A9AD32500C36F6B /* Resources */ = {
			isa = PBXResourcesBuildPhase;
			buildActionMask = 2147483647;
			files = (
				D65B684D1A9AD32600C36F6B /* Main.storyboard in Resources */,
				D65B68521A9AD32600C36F6B /* LaunchScreen.xib in Resources */,
				D65B684F1A9AD32600C36F6B /* Images.xcassets in Resources */,
			);
			runOnlyForDeploymentPostprocessing = 0;
		};
		D65B68551A9AD32600C36F6B /* Resources */ = {
			isa = PBXResourcesBuildPhase;
			buildActionMask = 2147483647;
			files = (
			);
			runOnlyForDeploymentPostprocessing = 0;
		};
/* End PBXResourcesBuildPhase section */

/* Begin PBXSourcesBuildPhase section */
		D65B683A1A9AD32500C36F6B /* Sources */ = {
			isa = PBXSourcesBuildPhase;
			buildActionMask = 2147483647;
			files = (
				D65B684A1A9AD32600C36F6B /* ViewController.m in Sources */,
				D65B68471A9AD32600C36F6B /* AppDelegate.m in Sources */,
				D65B68441A9AD32600C36F6B /* main.m in Sources */,
			);
			runOnlyForDeploymentPostprocessing = 0;
		};
		D65B68531A9AD32600C36F6B /* Sources */ = {
			isa = PBXSourcesBuildPhase;
			buildActionMask = 2147483647;
			files = (
				D65B685E1A9AD32600C36F6B /* CorePullScaleTests.m in Sources */,
			);
			runOnlyForDeploymentPostprocessing = 0;
		};
/* End PBXSourcesBuildPhase section */

/* Begin PBXTargetDependency section */
		D65B68591A9AD32600C36F6B /* PBXTargetDependency */ = {
			isa = PBXTargetDependency;
			target = D65B683D1A9AD32500C36F6B /* CorePullScale */;
			targetProxy = D65B68581A9AD32600C36F6B /* PBXContainerItemProxy */;
		};
/* End PBXTargetDependency section */

/* Begin PBXVariantGroup section */
		D65B684B1A9AD32600C36F6B /* Main.storyboard */ = {
			isa = PBXVariantGroup;
			children = (
				D65B684C1A9AD32600C36F6B /* Base */,
			);
			name = Main.storyboard;
			sourceTree = "<group>";
		};
		D65B68501A9AD32600C36F6B /* LaunchScreen.xib */ = {
			isa = PBXVariantGroup;
			children = (
				D65B68511A9AD32600C36F6B /* Base */,
			);
			name = LaunchScreen.xib;
			sourceTree = "<group>";
		};
/* End PBXVariantGroup section */

/* Begin XCBuildConfiguration section */
		D65B685F1A9AD32600C36F6B /* Debug */ = {
			isa = XCBuildConfiguration;
			buildSettings = {
				ALWAYS_SEARCH_USER_PATHS = NO;
				CLANG_CXX_LANGUAGE_STANDARD = "gnu++0x";
				CLANG_CXX_LIBRARY = "libc++";
				CLANG_ENABLE_MODULES = YES;
				CLANG_ENABLE_OBJC_ARC = YES;
				CLANG_WARN_BOOL_CONVERSION = YES;
				CLANG_WARN_CONSTANT_CONVERSION = YES;
				CLANG_WARN_DIRECT_OBJC_ISA_USAGE = YES_ERROR;
				CLANG_WARN_EMPTY_BODY = YES;
				CLANG_WARN_ENUM_CONVERSION = YES;
				CLANG_WARN_INT_CONVERSION = YES;
				CLANG_WARN_OBJC_ROOT_CLASS = YES_ERROR;
				CLANG_WARN_UNREACHABLE_CODE = YES;
				CLANG_WARN__DUPLICATE_METHOD_MATCH = YES;
				"CODE_SIGN_IDENTITY[sdk=iphoneos*]" = "iPhone Developer";
				COPY_PHASE_STRIP = NO;
				ENABLE_STRICT_OBJC_MSGSEND = YES;
				GCC_C_LANGUAGE_STANDARD = gnu99;
				GCC_DYNAMIC_NO_PIC = NO;
				GCC_OPTIMIZATION_LEVEL = 0;
				GCC_PREPROCESSOR_DEFINITIONS = (
					"DEBUG=1",
					"$(inherited)",
				);
				GCC_SYMBOLS_PRIVATE_EXTERN = NO;
				GCC_WARN_64_TO_32_BIT_CONVERSION = YES;
				GCC_WARN_ABOUT_RETURN_TYPE = YES_ERROR;
				GCC_WARN_UNDECLARED_SELECTOR = YES;
				GCC_WARN_UNINITIALIZED_AUTOS = YES_AGGRESSIVE;
				GCC_WARN_UNUSED_FUNCTION = YES;
				GCC_WARN_UNUSED_VARIABLE = YES;
				IPHONEOS_DEPLOYMENT_TARGET = 8.1;
				MTL_ENABLE_DEBUG_INFO = YES;
				ONLY_ACTIVE_ARCH = YES;
				SDKROOT = iphoneos;
			};
			name = Debug;
		};
		D65B68601A9AD32600C36F6B /* Release */ = {
			isa = XCBuildConfiguration;
			buildSettings = {
				ALWAYS_SEARCH_USER_PATHS = NO;
				CLANG_CXX_LANGUAGE_STANDARD = "gnu++0x";
				CLANG_CXX_LIBRARY = "libc++";
				CLANG_ENABLE_MODULES = YES;
				CLANG_ENABLE_OBJC_ARC = YES;
				CLANG_WARN_BOOL_CONVERSION = YES;
				CLANG_WARN_CONSTANT_CONVERSION = YES;
				CLANG_WARN_DIRECT_OBJC_ISA_USAGE = YES_ERROR;
				CLANG_WARN_EMPTY_BODY = YES;
				CLANG_WARN_ENUM_CONVERSION = YES;
				CLANG_WARN_INT_CONVERSION = YES;
				CLANG_WARN_OBJC_ROOT_CLASS = YES_ERROR;
				CLANG_WARN_UNREACHABLE_CODE = YES;
				CLANG_WARN__DUPLICATE_METHOD_MATCH = YES;
				"CODE_SIGN_IDENTITY[sdk=iphoneos*]" = "iPhone Developer";
				COPY_PHASE_STRIP = YES;
				ENABLE_NS_ASSERTIONS = NO;
				ENABLE_STRICT_OBJC_MSGSEND = YES;
				GCC_C_LANGUAGE_STANDARD = gnu99;
				GCC_WARN_64_TO_32_BIT_CONVERSION = YES;
				GCC_WARN_ABOUT_RETURN_TYPE = YES_ERROR;
				GCC_WARN_UNDECLARED_SELECTOR = YES;
				GCC_WARN_UNINITIALIZED_AUTOS = YES_AGGRESSIVE;
				GCC_WARN_UNUSED_FUNCTION = YES;
				GCC_WARN_UNUSED_VARIABLE = YES;
				IPHONEOS_DEPLOYMENT_TARGET = 8.1;
				MTL_ENABLE_DEBUG_INFO = NO;
				SDKROOT = iphoneos;
				VALIDATE_PRODUCT = YES;
			};
			name = Release;
		};
		D65B68621A9AD32600C36F6B /* Debug */ = {
			isa = XCBuildConfiguration;
			buildSettings = {
				ASSETCATALOG_COMPILER_APPICON_NAME = AppIcon;
				INFOPLIST_FILE = CorePullScale/Info.plist;
				LD_RUNPATH_SEARCH_PATHS = "$(inherited) @executable_path/Frameworks";
				PRODUCT_NAME = "$(TARGET_NAME)";
			};
			name = Debug;
		};
		D65B68631A9AD32600C36F6B /* Release */ = {
			isa = XCBuildConfiguration;
			buildSettings = {
				ASSETCATALOG_COMPILER_APPICON_NAME = AppIcon;
				INFOPLIST_FILE = CorePullScale/Info.plist;
				LD_RUNPATH_SEARCH_PATHS = "$(inherited) @executable_path/Frameworks";
				PRODUCT_NAME = "$(TARGET_NAME)";
			};
			name = Release;
		};
		D65B68651A9AD32600C36F6B /* Debug */ = {
			isa = XCBuildConfiguration;
			buildSettings = {
				BUNDLE_LOADER = "$(TEST_HOST)";
				FRAMEWORK_SEARCH_PATHS = (
					"$(SDKROOT)/Developer/Library/Frameworks",
					"$(inherited)",
				);
				GCC_PREPROCESSOR_DEFINITIONS = (
					"DEBUG=1",
					"$(inherited)",
				);
				INFOPLIST_FILE = CorePullScaleTests/Info.plist;
				LD_RUNPATH_SEARCH_PATHS = "$(inherited) @executable_path/Frameworks @loader_path/Frameworks";
				PRODUCT_NAME = "$(TARGET_NAME)";
				TEST_HOST = "$(BUILT_PRODUCTS_DIR)/CorePullScale.app/CorePullScale";
			};
			name = Debug;
		};
		D65B68661A9AD32600C36F6B /* Release */ = {
			isa = XCBuildConfiguration;
			buildSettings = {
				BUNDLE_LOADER = "$(TEST_HOST)";
				FRAMEWORK_SEARCH_PATHS = (
					"$(SDKROOT)/Developer/Library/Frameworks",
					"$(inherited)",
				);
				INFOPLIST_FILE = CorePullScaleTests/Info.plist;
				LD_RUNPATH_SEARCH_PATHS = "$(inherited) @executable_path/Frameworks @loader_path/Frameworks";
				PRODUCT_NAME = "$(TARGET_NAME)";
				TEST_HOST = "$(BUILT_PRODUCTS_DIR)/CorePullScale.app/CorePullScale";
			};
			name = Release;
		};
/* End XCBuildConfiguration section */

/* Begin XCConfigurationList section */
		D65B68391A9AD32500C36F6B /* Build configuration list for PBXProject "CorePullScale" */ = {
			isa = XCConfigurationList;
			buildConfigurations = (
				D65B685F1A9AD32600C36F6B /* Debug */,
				D65B68601A9AD32600C36F6B /* Release */,
			);
			defaultConfigurationIsVisible = 0;
			defaultConfigurationName = Release;
		};
		D65B68611A9AD32600C36F6B /* Build configuration list for PBXNativeTarget "CorePullScale" */ = {
			isa = XCConfigurationList;
			buildConfigurations = (
				D65B68621A9AD32600C36F6B /* Debug */,
				D65B68631A9AD32600C36F6B /* Release */,
			);
			defaultConfigurationIsVisible = 0;
		};
		D65B68641A9AD32600C36F6B /* Build configuration list for PBXNativeTarget "CorePullScaleTests" */ = {
			isa = XCConfigurationList;
			buildConfigurations = (
				D65B68651A9AD32600C36F6B /* Debug */,
				D65B68661A9AD32600C36F6B /* Release */,
			);
			defaultConfigurationIsVisible = 0;
		};
/* End XCConfigurationList section */
	};
	rootObject = D65B68361A9AD32500C36F6B /* Project object */;
}
